
Microsoft Visual Studio Solution File, Format Version 12.00
# Visual Studio Version 17
VisualStudioVersion = 17.5.33516.290
MinimumVisualStudioVersion = 10.0.40219.1
Project("{FAE04EC0-301F-11D3-BF4B-00C04F79EFBC}") = "COLSA.WebApi.Security", "COLSA.WebApi.Security\COLSA.WebApi.Security.csproj", "{DD3EDAF8-FC11-45D0-BC71-7F7EBAD35CE9}"
EndProject
Project("{FAE04EC0-301F-11D3-BF4B-00C04F79EFBC}") = "COLSA.Infraestructure", "COLSA.Infraestructure\COLSA.Infraestructure.csproj", "{05A2C7A9-E46D-4CE1-97D5-18022DF2A21B}"
EndProject
Project("{FAE04EC0-301F-11D3-BF4B-00C04F79EFBC}") = "COLSA.Domain", "COLSA.Domain\COLSA.Domain.csproj", "{A8668284-264B-45D8-A3CC-42D85037B092}"
EndProject
Project("{FAE04EC0-301F-11D3-BF4B-00C04F79EFBC}") = "COLSA.DataAccess", "COLSA.DataAccess\COLSA.DataAccess.csproj", "{18DCF156-457E-457D-845F-5CECC2279F29}"
EndProject
Global
	GlobalSection(SolutionConfigurationPlatforms) = preSolution
		Debug|Any CPU = Debug|Any CPU
		Release|Any CPU = Release|Any CPU
	EndGlobalSection
	GlobalSection(ProjectConfigurationPlatforms) = postSolution
		{DD3EDAF8-FC11-45D0-BC71-7F7EBAD35CE9}.Debug|Any CPU.ActiveCfg = Debug|Any CPU
		{DD3EDAF8-FC11-45D0-BC71-7F7EBAD35CE9}.Debug|Any CPU.Build.0 = Debug|Any CPU
		{DD3EDAF8-FC11-45D0-BC71-7F7EBAD35CE9}.Release|Any CPU.ActiveCfg = Release|Any CPU
		{DD3EDAF8-FC11-45D0-BC71-7F7EBAD35CE9}.Release|Any CPU.Build.0 = Release|Any CPU
		{05A2C7A9-E46D-4CE1-97D5-18022DF2A21B}.Debug|Any CPU.ActiveCfg = Debug|Any CPU
		{05A2C7A9-E46D-4CE1-97D5-18022DF2A21B}.Debug|Any CPU.Build.0 = Debug|Any CPU
		{05A2C7A9-E46D-4CE1-97D5-18022DF2A21B}.Release|Any CPU.ActiveCfg = Release|Any CPU
		{05A2C7A9-E46D-4CE1-97D5-18022DF2A21B}.Release|Any CPU.Build.0 = Release|Any CPU
		{A8668284-264B-45D8-A3CC-42D85037B092}.Debug|Any CPU.ActiveCfg = Debug|Any CPU
		{A8668284-264B-45D8-A3CC-42D85037B092}.Debug|Any CPU.Build.0 = Debug|Any CPU
		{A8668284-264B-45D8-A3CC-42D85037B092}.Release|Any CPU.ActiveCfg = Release|Any CPU
		{A8668284-264B-45D8-A3CC-42D85037B092}.Release|Any CPU.Build.0 = Release|Any CPU
		{18DCF156-457E-457D-845F-5CECC2279F29}.Debug|Any CPU.ActiveCfg = Debug|Any CPU
		{18DCF156-457E-457D-845F-5CECC2279F29}.Debug|Any CPU.Build.0 = Debug|Any CPU
		{18DCF156-457E-457D-845F-5CECC2279F29}.Release|Any CPU.ActiveCfg = Release|Any CPU
		{18DCF156-457E-457D-845F-5CECC2279F29}.Release|Any CPU.Build.0 = Release|Any CPU
	EndGlobalSection
	GlobalSection(SolutionProperties) = preSolution
		HideSolutionNode = FALSE
	EndGlobalSection
	GlobalSection(ExtensibilityGlobals) = postSolution
		SolutionGuid = {D529F387-432D-401E-BE9C-4E2B433910C7}
	EndGlobalSection
EndGlobal
